// !$*UTF8*$!
{
	archiveVersion = 1;
	classes = {
	};
	objectVersion = 56;
	objects = {

/* Begin PBXBuildFile section */
		4600682E2AE2663200BA571E /* MultipleChoicesItemView.swift in Sources */ = {isa = PBXBuildFile; fileRef = 4600682D2AE2663200BA571E /* MultipleChoicesItemView.swift */; };
		460068312AE2ADC300BA571E /* TrackItemAddView.swift in Sources */ = {isa = PBXBuildFile; fileRef = 460068302AE2ADC300BA571E /* TrackItemAddView.swift */; };
		4609E7572ADFD33000CAD374 /* CustomBackButton.swift in Sources */ = {isa = PBXBuildFile; fileRef = 4609E7562ADFD32F00CAD374 /* CustomBackButton.swift */; };
		4609E7592ADFD3B800CAD374 /* CalmStepView.swift in Sources */ = {isa = PBXBuildFile; fileRef = 4609E7582ADFD3B800CAD374 /* CalmStepView.swift */; };
		463A315F2AE2D747000351A7 /* TrackHomeBeta.swift in Sources */ = {isa = PBXBuildFile; fileRef = 463A315E2AE2D747000351A7 /* TrackHomeBeta.swift */; };
		4699DCA52ADE6432008B17F9 /* TrackItem.swift in Sources */ = {isa = PBXBuildFile; fileRef = 4699DCA42ADE6432008B17F9 /* TrackItem.swift */; };
		4699DCA72ADE67F7008B17F9 /* TrackItemView.swift in Sources */ = {isa = PBXBuildFile; fileRef = 4699DCA62ADE67F7008B17F9 /* TrackItemView.swift */; };
		4699DCA92ADE6809008B17F9 /* TrackItemEdit.swift in Sources */ = {isa = PBXBuildFile; fileRef = 4699DCA82ADE6809008B17F9 /* TrackItemEdit.swift */; };
		4699DCAB2ADE6822008B17F9 /* TrackItemRow.swift in Sources */ = {isa = PBXBuildFile; fileRef = 4699DCAA2ADE6822008B17F9 /* TrackItemRow.swift */; };
		4699DCC12ADE8DF5008B17F9 /* CalmBreatheView.swift in Sources */ = {isa = PBXBuildFile; fileRef = 4699DCC02ADE8DF5008B17F9 /* CalmBreatheView.swift */; };
		4699DCC32ADE8E00008B17F9 /* CalmListenView.swift in Sources */ = {isa = PBXBuildFile; fileRef = 4699DCC22ADE8E00008B17F9 /* CalmListenView.swift */; };
		4699DCC52ADE92B1008B17F9 /* calmData.json in Resources */ = {isa = PBXBuildFile; fileRef = 4699DCC42ADE92B1008B17F9 /* calmData.json */; };
		4699DCC72ADE9449008B17F9 /* CalmStep.swift in Sources */ = {isa = PBXBuildFile; fileRef = 4699DCC62ADE9449008B17F9 /* CalmStep.swift */; };
		4699DCC92ADE9601008B17F9 /* CalmDynamicView.swift in Sources */ = {isa = PBXBuildFile; fileRef = 4699DCC82ADE9601008B17F9 /* CalmDynamicView.swift */; };
		4699DCCB2ADEDB72008B17F9 /* CalmExerciseFinishedView.swift in Sources */ = {isa = PBXBuildFile; fileRef = 4699DCCA2ADEDB72008B17F9 /* CalmExerciseFinishedView.swift */; };
		4699DCCD2ADF04F9008B17F9 /* MultipleChoicesView.swift in Sources */ = {isa = PBXBuildFile; fileRef = 4699DCCC2ADF04F9008B17F9 /* MultipleChoicesView.swift */; };
		46A538A62AE16EE90042A375 /* BigButton.swift in Sources */ = {isa = PBXBuildFile; fileRef = 46A538A52AE16EE90042A375 /* BigButton.swift */; };
		46C27F1C2ADDF90500038380 /* learnData.json in Resources */ = {isa = PBXBuildFile; fileRef = 46C27F1B2ADDF90500038380 /* learnData.json */; };
		46C27F1F2ADDF93300038380 /* ModelData.swift in Sources */ = {isa = PBXBuildFile; fileRef = 46C27F1E2ADDF93300038380 /* ModelData.swift */; };
		46C27F212ADDF96800038380 /* Learn.swift in Sources */ = {isa = PBXBuildFile; fileRef = 46C27F202ADDF96800038380 /* Learn.swift */; };
		46C27F242ADDF9D100038380 /* LearnHome.swift in Sources */ = {isa = PBXBuildFile; fileRef = 46C27F232ADDF9D100038380 /* LearnHome.swift */; };
		46C27F262ADDF9ED00038380 /* LearnRow.swift in Sources */ = {isa = PBXBuildFile; fileRef = 46C27F252ADDF9ED00038380 /* LearnRow.swift */; };
		46C27F282ADDF9F500038380 /* LearnDetail.swift in Sources */ = {isa = PBXBuildFile; fileRef = 46C27F272ADDF9F500038380 /* LearnDetail.swift */; };
		46C27F2D2ADDFA4700038380 /* TrackHome.swift in Sources */ = {isa = PBXBuildFile; fileRef = 46C27F2C2ADDFA4700038380 /* TrackHome.swift */; };
		46C27F2F2ADDFA5300038380 /* CalmHome.swift in Sources */ = {isa = PBXBuildFile; fileRef = 46C27F2E2ADDFA5300038380 /* CalmHome.swift */; };
		46E4BACF2ADDA9DF004BFA9F /* NegroniApp.swift in Sources */ = {isa = PBXBuildFile; fileRef = 46E4BACE2ADDA9DF004BFA9F /* NegroniApp.swift */; };
		46E4BAD12ADDA9DF004BFA9F /* ContentView.swift in Sources */ = {isa = PBXBuildFile; fileRef = 46E4BAD02ADDA9DF004BFA9F /* ContentView.swift */; };
		46E4BAD32ADDA9E0004BFA9F /* Assets.xcassets in Resources */ = {isa = PBXBuildFile; fileRef = 46E4BAD22ADDA9E0004BFA9F /* Assets.xcassets */; };
		46E4BAD62ADDA9E0004BFA9F /* Preview Assets.xcassets in Resources */ = {isa = PBXBuildFile; fileRef = 46E4BAD52ADDA9E0004BFA9F /* Preview Assets.xcassets */; };
/* End PBXBuildFile section */

/* Begin PBXFileReference section */
		4600682D2AE2663200BA571E /* MultipleChoicesItemView.swift */ = {isa = PBXFileReference; lastKnownFileType = sourcecode.swift; path = MultipleChoicesItemView.swift; sourceTree = "<group>"; };
		460068302AE2ADC300BA571E /* TrackItemAddView.swift */ = {isa = PBXFileReference; lastKnownFileType = sourcecode.swift; path = TrackItemAddView.swift; sourceTree = "<group>"; };
		4609E7562ADFD32F00CAD374 /* CustomBackButton.swift */ = {isa = PBXFileReference; lastKnownFileType = sourcecode.swift; path = CustomBackButton.swift; sourceTree = "<group>"; };
		4609E7582ADFD3B800CAD374 /* CalmStepView.swift */ = {isa = PBXFileReference; lastKnownFileType = sourcecode.swift; path = CalmStepView.swift; sourceTree = "<group>"; };
		463A315E2AE2D747000351A7 /* TrackHomeBeta.swift */ = {isa = PBXFileReference; lastKnownFileType = sourcecode.swift; path = TrackHomeBeta.swift; sourceTree = "<group>"; };
		4699DCA42ADE6432008B17F9 /* TrackItem.swift */ = {isa = PBXFileReference; lastKnownFileType = sourcecode.swift; path = TrackItem.swift; sourceTree = "<group>"; };
		4699DCA62ADE67F7008B17F9 /* TrackItemView.swift */ = {isa = PBXFileReference; lastKnownFileType = sourcecode.swift; path = TrackItemView.swift; sourceTree = "<group>"; };
		4699DCA82ADE6809008B17F9 /* TrackItemEdit.swift */ = {isa = PBXFileReference; lastKnownFileType = sourcecode.swift; path = TrackItemEdit.swift; sourceTree = "<group>"; };
		4699DCAA2ADE6822008B17F9 /* TrackItemRow.swift */ = {isa = PBXFileReference; lastKnownFileType = sourcecode.swift; path = TrackItemRow.swift; sourceTree = "<group>"; };
		4699DCC02ADE8DF5008B17F9 /* CalmBreatheView.swift */ = {isa = PBXFileReference; lastKnownFileType = sourcecode.swift; path = CalmBreatheView.swift; sourceTree = "<group>"; };
		4699DCC22ADE8E00008B17F9 /* CalmListenView.swift */ = {isa = PBXFileReference; lastKnownFileType = sourcecode.swift; path = CalmListenView.swift; sourceTree = "<group>"; };
		4699DCC42ADE92B1008B17F9 /* calmData.json */ = {isa = PBXFileReference; lastKnownFileType = text.json; path = calmData.json; sourceTree = "<group>"; };
		4699DCC62ADE9449008B17F9 /* CalmStep.swift */ = {isa = PBXFileReference; lastKnownFileType = sourcecode.swift; path = CalmStep.swift; sourceTree = "<group>"; };
		4699DCC82ADE9601008B17F9 /* CalmDynamicView.swift */ = {isa = PBXFileReference; lastKnownFileType = sourcecode.swift; path = CalmDynamicView.swift; sourceTree = "<group>"; };
		4699DCCA2ADEDB72008B17F9 /* CalmExerciseFinishedView.swift */ = {isa = PBXFileReference; lastKnownFileType = sourcecode.swift; path = CalmExerciseFinishedView.swift; sourceTree = "<group>"; };
		4699DCCC2ADF04F9008B17F9 /* MultipleChoicesView.swift */ = {isa = PBXFileReference; lastKnownFileType = sourcecode.swift; path = MultipleChoicesView.swift; sourceTree = "<group>"; };
		46A538A52AE16EE90042A375 /* BigButton.swift */ = {isa = PBXFileReference; lastKnownFileType = sourcecode.swift; path = BigButton.swift; sourceTree = "<group>"; };
		46C27F1B2ADDF90500038380 /* learnData.json */ = {isa = PBXFileReference; lastKnownFileType = text.json; path = learnData.json; sourceTree = "<group>"; };
		46C27F1E2ADDF93300038380 /* ModelData.swift */ = {isa = PBXFileReference; lastKnownFileType = sourcecode.swift; path = ModelData.swift; sourceTree = "<group>"; };
		46C27F202ADDF96800038380 /* Learn.swift */ = {isa = PBXFileReference; lastKnownFileType = sourcecode.swift; path = Learn.swift; sourceTree = "<group>"; };
		46C27F232ADDF9D100038380 /* LearnHome.swift */ = {isa = PBXFileReference; lastKnownFileType = sourcecode.swift; path = LearnHome.swift; sourceTree = "<group>"; };
		46C27F252ADDF9ED00038380 /* LearnRow.swift */ = {isa = PBXFileReference; lastKnownFileType = sourcecode.swift; path = LearnRow.swift; sourceTree = "<group>"; };
		46C27F272ADDF9F500038380 /* LearnDetail.swift */ = {isa = PBXFileReference; lastKnownFileType = sourcecode.swift; path = LearnDetail.swift; sourceTree = "<group>"; };
		46C27F2C2ADDFA4700038380 /* TrackHome.swift */ = {isa = PBXFileReference; lastKnownFileType = sourcecode.swift; path = TrackHome.swift; sourceTree = "<group>"; };
		46C27F2E2ADDFA5300038380 /* CalmHome.swift */ = {isa = PBXFileReference; lastKnownFileType = sourcecode.swift; path = CalmHome.swift; sourceTree = "<group>"; };
		46E4BACB2ADDA9DF004BFA9F /* Negroni.app */ = {isa = PBXFileReference; explicitFileType = wrapper.application; includeInIndex = 0; path = Negroni.app; sourceTree = BUILT_PRODUCTS_DIR; };
		46E4BACE2ADDA9DF004BFA9F /* NegroniApp.swift */ = {isa = PBXFileReference; lastKnownFileType = sourcecode.swift; path = NegroniApp.swift; sourceTree = "<group>"; };
		46E4BAD02ADDA9DF004BFA9F /* ContentView.swift */ = {isa = PBXFileReference; lastKnownFileType = sourcecode.swift; path = ContentView.swift; sourceTree = "<group>"; };
		46E4BAD22ADDA9E0004BFA9F /* Assets.xcassets */ = {isa = PBXFileReference; lastKnownFileType = folder.assetcatalog; path = Assets.xcassets; sourceTree = "<group>"; };
		46E4BAD52ADDA9E0004BFA9F /* Preview Assets.xcassets */ = {isa = PBXFileReference; lastKnownFileType = folder.assetcatalog; path = "Preview Assets.xcassets"; sourceTree = "<group>"; };
/* End PBXFileReference section */

/* Begin PBXFrameworksBuildPhase section */
		46E4BAC82ADDA9DF004BFA9F /* Frameworks */ = {
			isa = PBXFrameworksBuildPhase;
			buildActionMask = 2147483647;
			files = (
			);
			runOnlyForDeploymentPostprocessing = 0;
		};
/* End PBXFrameworksBuildPhase section */

/* Begin PBXGroup section */
		4600682F2AE26C3300BA571E /* MultipleChoicesView */ = {
			isa = PBXGroup;
			children = (
				4699DCCC2ADF04F9008B17F9 /* MultipleChoicesView.swift */,
				4600682D2AE2663200BA571E /* MultipleChoicesItemView.swift */,
			);
			path = MultipleChoicesView;
			sourceTree = "<group>";
		};
		46A538A42AE16ECB0042A375 /* Inputs and Buttons */ = {
			isa = PBXGroup;
			children = (
				4609E7562ADFD32F00CAD374 /* CustomBackButton.swift */,
				46A538A52AE16EE90042A375 /* BigButton.swift */,
			);
			path = "Inputs and Buttons";
			sourceTree = "<group>";
		};
		46C27F1A2ADDF8EF00038380 /* Resources */ = {
			isa = PBXGroup;
			children = (
				46C27F1B2ADDF90500038380 /* learnData.json */,
				4699DCC42ADE92B1008B17F9 /* calmData.json */,
			);
			path = Resources;
			sourceTree = "<group>";
		};
		46C27F1D2ADDF92600038380 /* Model */ = {
			isa = PBXGroup;
			children = (
				46C27F1E2ADDF93300038380 /* ModelData.swift */,
				46C27F202ADDF96800038380 /* Learn.swift */,
				4699DCA42ADE6432008B17F9 /* TrackItem.swift */,
				4699DCC62ADE9449008B17F9 /* CalmStep.swift */,
			);
			path = Model;
			sourceTree = "<group>";
		};
		46C27F222ADDF9BF00038380 /* View */ = {
			isa = PBXGroup;
			children = (
				46A538A42AE16ECB0042A375 /* Inputs and Buttons */,
				46E4BAD02ADDA9DF004BFA9F /* ContentView.swift */,
				46C27F2B2ADDFA3500038380 /* Calm */,
				46C27F2A2ADDFA2200038380 /* Track */,
				46C27F292ADDFA1400038380 /* Learn */,
				4600682F2AE26C3300BA571E /* MultipleChoicesView */,
			);
			path = View;
			sourceTree = "<group>";
		};
		46C27F292ADDFA1400038380 /* Learn */ = {
			isa = PBXGroup;
			children = (
				46C27F232ADDF9D100038380 /* LearnHome.swift */,
				46C27F252ADDF9ED00038380 /* LearnRow.swift */,
				46C27F272ADDF9F500038380 /* LearnDetail.swift */,
			);
			path = Learn;
			sourceTree = "<group>";
		};
		46C27F2A2ADDFA2200038380 /* Track */ = {
			isa = PBXGroup;
			children = (
				46C27F2C2ADDFA4700038380 /* TrackHome.swift */,
				460068302AE2ADC300BA571E /* TrackItemAddView.swift */,
				4699DCA62ADE67F7008B17F9 /* TrackItemView.swift */,
				4699DCA82ADE6809008B17F9 /* TrackItemEdit.swift */,
				4699DCAA2ADE6822008B17F9 /* TrackItemRow.swift */,
				463A315E2AE2D747000351A7 /* TrackHomeBeta.swift */,
			);
			path = Track;
			sourceTree = "<group>";
		};
		46C27F2B2ADDFA3500038380 /* Calm */ = {
			isa = PBXGroup;
			children = (
				46C27F2E2ADDFA5300038380 /* CalmHome.swift */,
				4699DCC02ADE8DF5008B17F9 /* CalmBreatheView.swift */,
				4699DCC22ADE8E00008B17F9 /* CalmListenView.swift */,
				4699DCC82ADE9601008B17F9 /* CalmDynamicView.swift */,
				4699DCCA2ADEDB72008B17F9 /* CalmExerciseFinishedView.swift */,
				4609E7582ADFD3B800CAD374 /* CalmStepView.swift */,
			);
			path = Calm;
			sourceTree = "<group>";
		};
		46E4BAC22ADDA9DF004BFA9F = {
			isa = PBXGroup;
			children = (
				46E4BACD2ADDA9DF004BFA9F /* Negroni */,
				46E4BACC2ADDA9DF004BFA9F /* Products */,
			);
			sourceTree = "<group>";
		};
		46E4BACC2ADDA9DF004BFA9F /* Products */ = {
			isa = PBXGroup;
			children = (
				46E4BACB2ADDA9DF004BFA9F /* Negroni.app */,
			);
			name = Products;
			sourceTree = "<group>";
		};
		46E4BACD2ADDA9DF004BFA9F /* Negroni */ = {
			isa = PBXGroup;
			children = (
				46C27F222ADDF9BF00038380 /* View */,
				46C27F1D2ADDF92600038380 /* Model */,
				46C27F1A2ADDF8EF00038380 /* Resources */,
				46E4BACE2ADDA9DF004BFA9F /* NegroniApp.swift */,
				46E4BAD22ADDA9E0004BFA9F /* Assets.xcassets */,
				46E4BAD42ADDA9E0004BFA9F /* Preview Content */,
			);
			path = Negroni;
			sourceTree = "<group>";
		};
		46E4BAD42ADDA9E0004BFA9F /* Preview Content */ = {
			isa = PBXGroup;
			children = (
				46E4BAD52ADDA9E0004BFA9F /* Preview Assets.xcassets */,
			);
			path = "Preview Content";
			sourceTree = "<group>";
		};
/* End PBXGroup section */

/* Begin PBXNativeTarget section */
		46E4BACA2ADDA9DF004BFA9F /* Negroni */ = {
			isa = PBXNativeTarget;
			buildConfigurationList = 46E4BAD92ADDA9E0004BFA9F /* Build configuration list for PBXNativeTarget "Negroni" */;
			buildPhases = (
				46E4BAC72ADDA9DF004BFA9F /* Sources */,
				46E4BAC82ADDA9DF004BFA9F /* Frameworks */,
				46E4BAC92ADDA9DF004BFA9F /* Resources */,
			);
			buildRules = (
			);
			dependencies = (
			);
			name = Negroni;
			productName = Negroni;
			productReference = 46E4BACB2ADDA9DF004BFA9F /* Negroni.app */;
			productType = "com.apple.product-type.application";
		};
/* End PBXNativeTarget section */

/* Begin PBXProject section */
		46E4BAC32ADDA9DF004BFA9F /* Project object */ = {
			isa = PBXProject;
			attributes = {
				BuildIndependentTargetsInParallel = 1;
				LastSwiftUpdateCheck = 1500;
				LastUpgradeCheck = 1500;
				TargetAttributes = {
					46E4BACA2ADDA9DF004BFA9F = {
						CreatedOnToolsVersion = 15.0;
					};
				};
			};
			buildConfigurationList = 46E4BAC62ADDA9DF004BFA9F /* Build configuration list for PBXProject "Negroni" */;
			compatibilityVersion = "Xcode 14.0";
			developmentRegion = en;
			hasScannedForEncodings = 0;
			knownRegions = (
				en,
				Base,
			);
			mainGroup = 46E4BAC22ADDA9DF004BFA9F;
			productRefGroup = 46E4BACC2ADDA9DF004BFA9F /* Products */;
			projectDirPath = "";
			projectRoot = "";
			targets = (
				46E4BACA2ADDA9DF004BFA9F /* Negroni */,
			);
		};
/* End PBXProject section */

/* Begin PBXResourcesBuildPhase section */
		46E4BAC92ADDA9DF004BFA9F /* Resources */ = {
			isa = PBXResourcesBuildPhase;
			buildActionMask = 2147483647;
			files = (
				4699DCC52ADE92B1008B17F9 /* calmData.json in Resources */,
				46C27F1C2ADDF90500038380 /* learnData.json in Resources */,
				46E4BAD62ADDA9E0004BFA9F /* Preview Assets.xcassets in Resources */,
				46E4BAD32ADDA9E0004BFA9F /* Assets.xcassets in Resources */,
			);
			runOnlyForDeploymentPostprocessing = 0;
		};
/* End PBXResourcesBuildPhase section */

/* Begin PBXSourcesBuildPhase section */
		46E4BAC72ADDA9DF004BFA9F /* Sources */ = {
			isa = PBXSourcesBuildPhase;
			buildActionMask = 2147483647;
			files = (
				4699DCA72ADE67F7008B17F9 /* TrackItemView.swift in Sources */,
				4609E7572ADFD33000CAD374 /* CustomBackButton.swift in Sources */,
				4699DCCB2ADEDB72008B17F9 /* CalmExerciseFinishedView.swift in Sources */,
				4699DCA52ADE6432008B17F9 /* TrackItem.swift in Sources */,
				4699DCAB2ADE6822008B17F9 /* TrackItemRow.swift in Sources */,
				46C27F2D2ADDFA4700038380 /* TrackHome.swift in Sources */,
				4699DCCD2ADF04F9008B17F9 /* MultipleChoicesView.swift in Sources */,
				46C27F242ADDF9D100038380 /* LearnHome.swift in Sources */,
				4699DCA92ADE6809008B17F9 /* TrackItemEdit.swift in Sources */,
				4699DCC32ADE8E00008B17F9 /* CalmListenView.swift in Sources */,
				4699DCC92ADE9601008B17F9 /* CalmDynamicView.swift in Sources */,
				4600682E2AE2663200BA571E /* MultipleChoicesItemView.swift in Sources */,
				46C27F2F2ADDFA5300038380 /* CalmHome.swift in Sources */,
				4609E7592ADFD3B800CAD374 /* CalmStepView.swift in Sources */,
				46C27F212ADDF96800038380 /* Learn.swift in Sources */,
				46E4BAD12ADDA9DF004BFA9F /* ContentView.swift in Sources */,
				46C27F262ADDF9ED00038380 /* LearnRow.swift in Sources */,
				460068312AE2ADC300BA571E /* TrackItemAddView.swift in Sources */,
				463A315F2AE2D747000351A7 /* TrackHomeBeta.swift in Sources */,
				46A538A62AE16EE90042A375 /* BigButton.swift in Sources */,
				46C27F282ADDF9F500038380 /* LearnDetail.swift in Sources */,
				46E4BACF2ADDA9DF004BFA9F /* NegroniApp.swift in Sources */,
				46C27F1F2ADDF93300038380 /* ModelData.swift in Sources */,
				4699DCC12ADE8DF5008B17F9 /* CalmBreatheView.swift in Sources */,
				4699DCC72ADE9449008B17F9 /* CalmStep.swift in Sources */,
			);
			runOnlyForDeploymentPostprocessing = 0;
		};
/* End PBXSourcesBuildPhase section */

/* Begin XCBuildConfiguration section */
		46E4BAD72ADDA9E0004BFA9F /* Debug */ = {
			isa = XCBuildConfiguration;
			buildSettings = {
				ALWAYS_SEARCH_USER_PATHS = NO;
				ASSETCATALOG_COMPILER_GENERATE_SWIFT_ASSET_SYMBOL_EXTENSIONS = YES;
				CLANG_ANALYZER_NONNULL = YES;
				CLANG_ANALYZER_NUMBER_OBJECT_CONVERSION = YES_AGGRESSIVE;
				CLANG_CXX_LANGUAGE_STANDARD = "gnu++20";
				CLANG_ENABLE_MODULES = YES;
				CLANG_ENABLE_OBJC_ARC = YES;
				CLANG_ENABLE_OBJC_WEAK = YES;
				CLANG_WARN_BLOCK_CAPTURE_AUTORELEASING = YES;
				CLANG_WARN_BOOL_CONVERSION = YES;
				CLANG_WARN_COMMA = YES;
				CLANG_WARN_CONSTANT_CONVERSION = YES;
				CLANG_WARN_DEPRECATED_OBJC_IMPLEMENTATIONS = YES;
				CLANG_WARN_DIRECT_OBJC_ISA_USAGE = YES_ERROR;
				CLANG_WARN_DOCUMENTATION_COMMENTS = YES;
				CLANG_WARN_EMPTY_BODY = YES;
				CLANG_WARN_ENUM_CONVERSION = YES;
				CLANG_WARN_INFINITE_RECURSION = YES;
				CLANG_WARN_INT_CONVERSION = YES;
				CLANG_WARN_NON_LITERAL_NULL_CONVERSION = YES;
				CLANG_WARN_OBJC_IMPLICIT_RETAIN_SELF = YES;
				CLANG_WARN_OBJC_LITERAL_CONVERSION = YES;
				CLANG_WARN_OBJC_ROOT_CLASS = YES_ERROR;
				CLANG_WARN_QUOTED_INCLUDE_IN_FRAMEWORK_HEADER = YES;
				CLANG_WARN_RANGE_LOOP_ANALYSIS = YES;
				CLANG_WARN_STRICT_PROTOTYPES = YES;
				CLANG_WARN_SUSPICIOUS_MOVE = YES;
				CLANG_WARN_UNGUARDED_AVAILABILITY = YES_AGGRESSIVE;
				CLANG_WARN_UNREACHABLE_CODE = YES;
				CLANG_WARN__DUPLICATE_METHOD_MATCH = YES;
				COPY_PHASE_STRIP = NO;
				DEBUG_INFORMATION_FORMAT = dwarf;
				ENABLE_STRICT_OBJC_MSGSEND = YES;
				ENABLE_TESTABILITY = YES;
				ENABLE_USER_SCRIPT_SANDBOXING = YES;
				GCC_C_LANGUAGE_STANDARD = gnu17;
				GCC_DYNAMIC_NO_PIC = NO;
				GCC_NO_COMMON_BLOCKS = YES;
				GCC_OPTIMIZATION_LEVEL = 0;
				GCC_PREPROCESSOR_DEFINITIONS = (
					"DEBUG=1",
					"$(inherited)",
				);
				GCC_WARN_64_TO_32_BIT_CONVERSION = YES;
				GCC_WARN_ABOUT_RETURN_TYPE = YES_ERROR;
				GCC_WARN_UNDECLARED_SELECTOR = YES;
				GCC_WARN_UNINITIALIZED_AUTOS = YES_AGGRESSIVE;
				GCC_WARN_UNUSED_FUNCTION = YES;
				GCC_WARN_UNUSED_VARIABLE = YES;
				IPHONEOS_DEPLOYMENT_TARGET = 17.0;
				LOCALIZATION_PREFERS_STRING_CATALOGS = YES;
				MTL_ENABLE_DEBUG_INFO = INCLUDE_SOURCE;
				MTL_FAST_MATH = YES;
				ONLY_ACTIVE_ARCH = YES;
				SDKROOT = iphoneos;
				SWIFT_ACTIVE_COMPILATION_CONDITIONS = "DEBUG $(inherited)";
				SWIFT_OPTIMIZATION_LEVEL = "-Onone";
			};
			name = Debug;
		};
		46E4BAD82ADDA9E0004BFA9F /* Release */ = {
			isa = XCBuildConfiguration;
			buildSettings = {
				ALWAYS_SEARCH_USER_PATHS = NO;
				ASSETCATALOG_COMPILER_GENERATE_SWIFT_ASSET_SYMBOL_EXTENSIONS = YES;
				CLANG_ANALYZER_NONNULL = YES;
				CLANG_ANALYZER_NUMBER_OBJECT_CONVERSION = YES_AGGRESSIVE;
				CLANG_CXX_LANGUAGE_STANDARD = "gnu++20";
				CLANG_ENABLE_MODULES = YES;
				CLANG_ENABLE_OBJC_ARC = YES;
				CLANG_ENABLE_OBJC_WEAK = YES;
				CLANG_WARN_BLOCK_CAPTURE_AUTORELEASING = YES;
				CLANG_WARN_BOOL_CONVERSION = YES;
				CLANG_WARN_COMMA = YES;
				CLANG_WARN_CONSTANT_CONVERSION = YES;
				CLANG_WARN_DEPRECATED_OBJC_IMPLEMENTATIONS = YES;
				CLANG_WARN_DIRECT_OBJC_ISA_USAGE = YES_ERROR;
				CLANG_WARN_DOCUMENTATION_COMMENTS = YES;
				CLANG_WARN_EMPTY_BODY = YES;
				CLANG_WARN_ENUM_CONVERSION = YES;
				CLANG_WARN_INFINITE_RECURSION = YES;
				CLANG_WARN_INT_CONVERSION = YES;
				CLANG_WARN_NON_LITERAL_NULL_CONVERSION = YES;
				CLANG_WARN_OBJC_IMPLICIT_RETAIN_SELF = YES;
				CLANG_WARN_OBJC_LITERAL_CONVERSION = YES;
				CLANG_WARN_OBJC_ROOT_CLASS = YES_ERROR;
				CLANG_WARN_QUOTED_INCLUDE_IN_FRAMEWORK_HEADER = YES;
				CLANG_WARN_RANGE_LOOP_ANALYSIS = YES;
				CLANG_WARN_STRICT_PROTOTYPES = YES;
				CLANG_WARN_SUSPICIOUS_MOVE = YES;
				CLANG_WARN_UNGUARDED_AVAILABILITY = YES_AGGRESSIVE;
				CLANG_WARN_UNREACHABLE_CODE = YES;
				CLANG_WARN__DUPLICATE_METHOD_MATCH = YES;
				COPY_PHASE_STRIP = NO;
				DEBUG_INFORMATION_FORMAT = "dwarf-with-dsym";
				ENABLE_NS_ASSERTIONS = NO;
				ENABLE_STRICT_OBJC_MSGSEND = YES;
				ENABLE_USER_SCRIPT_SANDBOXING = YES;
				GCC_C_LANGUAGE_STANDARD = gnu17;
				GCC_NO_COMMON_BLOCKS = YES;
				GCC_WARN_64_TO_32_BIT_CONVERSION = YES;
				GCC_WARN_ABOUT_RETURN_TYPE = YES_ERROR;
				GCC_WARN_UNDECLARED_SELECTOR = YES;
				GCC_WARN_UNINITIALIZED_AUTOS = YES_AGGRESSIVE;
				GCC_WARN_UNUSED_FUNCTION = YES;
				GCC_WARN_UNUSED_VARIABLE = YES;
				IPHONEOS_DEPLOYMENT_TARGET = 17.0;
				LOCALIZATION_PREFERS_STRING_CATALOGS = YES;
				MTL_ENABLE_DEBUG_INFO = NO;
				MTL_FAST_MATH = YES;
				SDKROOT = iphoneos;
				SWIFT_COMPILATION_MODE = wholemodule;
				VALIDATE_PRODUCT = YES;
			};
			name = Release;
		};
		46E4BADA2ADDA9E0004BFA9F /* Debug */ = {
			isa = XCBuildConfiguration;
			buildSettings = {
				ASSETCATALOG_COMPILER_APPICON_NAME = AppIcon;
				ASSETCATALOG_COMPILER_GLOBAL_ACCENT_COLOR_NAME = AccentColor;
				CODE_SIGN_STYLE = Automatic;
				CURRENT_PROJECT_VERSION = 1;
				DEVELOPMENT_ASSET_PATHS = "\"Negroni/Preview Content\"";
				DEVELOPMENT_TEAM = 3JFY6MM7AN;
				ENABLE_PREVIEWS = YES;
				GENERATE_INFOPLIST_FILE = YES;
				INFOPLIST_KEY_UIApplicationSceneManifest_Generation = YES;
				INFOPLIST_KEY_UIApplicationSupportsIndirectInputEvents = YES;
				INFOPLIST_KEY_UILaunchScreen_Generation = YES;
				INFOPLIST_KEY_UISupportedInterfaceOrientations_iPad = "UIInterfaceOrientationPortrait UIInterfaceOrientationPortraitUpsideDown UIInterfaceOrientationLandscapeLeft UIInterfaceOrientationLandscapeRight";
				INFOPLIST_KEY_UISupportedInterfaceOrientations_iPhone = "UIInterfaceOrientationPortrait UIInterfaceOrientationLandscapeLeft UIInterfaceOrientationLandscapeRight";
				LD_RUNPATH_SEARCH_PATHS = (
					"$(inherited)",
					"@executable_path/Frameworks",
				);
				MARKETING_VERSION = 1.0;
				PRODUCT_BUNDLE_IDENTIFIER = ada.global.Negroni;
				PRODUCT_NAME = "$(TARGET_NAME)";
				SWIFT_EMIT_LOC_STRINGS = YES;
				SWIFT_VERSION = 5.0;
				TARGETED_DEVICE_FAMILY = "1,2";
			};
			name = Debug;
		};
		46E4BADB2ADDA9E0004BFA9F /* Release */ = {
			isa = XCBuildConfiguration;
			buildSettings = {
				ASSETCATALOG_COMPILER_APPICON_NAME = AppIcon;
				ASSETCATALOG_COMPILER_GLOBAL_ACCENT_COLOR_NAME = AccentColor;
				CODE_SIGN_STYLE = Automatic;
				CURRENT_PROJECT_VERSION = 1;
				DEVELOPMENT_ASSET_PATHS = "\"Negroni/Preview Content\"";
				DEVELOPMENT_TEAM = 3JFY6MM7AN;
				ENABLE_PREVIEWS = YES;
				GENERATE_INFOPLIST_FILE = YES;
				INFOPLIST_KEY_UIApplicationSceneManifest_Generation = YES;
				INFOPLIST_KEY_UIApplicationSupportsIndirectInputEvents = YES;
				INFOPLIST_KEY_UILaunchScreen_Generation = YES;
				INFOPLIST_KEY_UISupportedInterfaceOrientations_iPad = "UIInterfaceOrientationPortrait UIInterfaceOrientationPortraitUpsideDown UIInterfaceOrientationLandscapeLeft UIInterfaceOrientationLandscapeRight";
				INFOPLIST_KEY_UISupportedInterfaceOrientations_iPhone = "UIInterfaceOrientationPortrait UIInterfaceOrientationLandscapeLeft UIInterfaceOrientationLandscapeRight";
				LD_RUNPATH_SEARCH_PATHS = (
					"$(inherited)",
					"@executable_path/Frameworks",
				);
				MARKETING_VERSION = 1.0;
				PRODUCT_BUNDLE_IDENTIFIER = ada.global.Negroni;
				PRODUCT_NAME = "$(TARGET_NAME)";
				SWIFT_EMIT_LOC_STRINGS = YES;
				SWIFT_VERSION = 5.0;
				TARGETED_DEVICE_FAMILY = "1,2";
			};
			name = Release;
		};
/* End XCBuildConfiguration section */

/* Begin XCConfigurationList section */
		46E4BAC62ADDA9DF004BFA9F /* Build configuration list for PBXProject "Negroni" */ = {
			isa = XCConfigurationList;
			buildConfigurations = (
				46E4BAD72ADDA9E0004BFA9F /* Debug */,
				46E4BAD82ADDA9E0004BFA9F /* Release */,
			);
			defaultConfigurationIsVisible = 0;
			defaultConfigurationName = Release;
		};
		46E4BAD92ADDA9E0004BFA9F /* Build configuration list for PBXNativeTarget "Negroni" */ = {
			isa = XCConfigurationList;
			buildConfigurations = (
				46E4BADA2ADDA9E0004BFA9F /* Debug */,
				46E4BADB2ADDA9E0004BFA9F /* Release */,
			);
			defaultConfigurationIsVisible = 0;
			defaultConfigurationName = Release;
		};
/* End XCConfigurationList section */
	};
	rootObject = 46E4BAC32ADDA9DF004BFA9F /* Project object */;
}
